
Microsoft Visual Studio Solution File, Format Version 12.00
# Visual Studio Version 17
VisualStudioVersion = 17.6.33815.320
MinimumVisualStudioVersion = 10.0.40219.1
Project("{FAE04EC0-301F-11D3-BF4B-00C04F79EFBC}") = "nauka", "nauka\nauka.csproj", "{D6D9DFEE-0EDC-44A1-B774-31DEDA12810A}"
EndProject
Global
	GlobalSection(SolutionConfigurationPlatforms) = preSolution
		Debug|Any CPU = Debug|Any CPU
		Release|Any CPU = Release|Any CPU
	EndGlobalSection
	GlobalSection(ProjectConfigurationPlatforms) = postSolution
		{D6D9DFEE-0EDC-44A1-B774-31DEDA12810A}.Debug|Any CPU.ActiveCfg = Debug|Any CPU
		{D6D9DFEE-0EDC-44A1-B774-31DEDA12810A}.Debug|Any CPU.Build.0 = Debug|Any CPU
		{D6D9DFEE-0EDC-44A1-B774-31DEDA12810A}.Release|Any CPU.ActiveCfg = Release|Any CPU
		{D6D9DFEE-0EDC-44A1-B774-31DEDA12810A}.Release|Any CPU.Build.0 = Release|Any CPU
	EndGlobalSection
	GlobalSection(SolutionProperties) = preSolution
		HideSolutionNode = FALSE
	EndGlobalSection
	GlobalSection(ExtensibilityGlobals) = postSolution
		SolutionGuid = {15C98F64-26F8-4C0F-BA52-17824046FC03}
	EndGlobalSection
EndGlobal
